
Microsoft Visual Studio Solution File, Format Version 12.00
# Visual Studio Version 17
VisualStudioVersion = 17.8.34330.188
MinimumVisualStudioVersion = 10.0.40219.1
Project("{FAE04EC0-301F-11D3-BF4B-00C04F79EFBC}") = "Administrador de Ventas", "Administrador de Ventas.csproj", "{52A80219-0CE9-44A6-843A-7A4BCA28436D}"
EndProject
Global
	GlobalSection(SolutionConfigurationPlatforms) = preSolution
		Debug|Any CPU = Debug|Any CPU
		Release|Any CPU = Release|Any CPU
	EndGlobalSection
	GlobalSection(ProjectConfigurationPlatforms) = postSolution
		{52A80219-0CE9-44A6-843A-7A4BCA28436D}.Debug|Any CPU.ActiveCfg = Debug|Any CPU
		{52A80219-0CE9-44A6-843A-7A4BCA28436D}.Debug|Any CPU.Build.0 = Debug|Any CPU
		{52A80219-0CE9-44A6-843A-7A4BCA28436D}.Release|Any CPU.ActiveCfg = Release|Any CPU
		{52A80219-0CE9-44A6-843A-7A4BCA28436D}.Release|Any CPU.Build.0 = Release|Any CPU
	EndGlobalSection
	GlobalSection(SolutionProperties) = preSolution
		HideSolutionNode = FALSE
	EndGlobalSection
	GlobalSection(ExtensibilityGlobals) = postSolution
		SolutionGuid = {24C92D60-2A32-4708-957B-0A8DFD1F2293}
	EndGlobalSection
EndGlobal
